[dependencies]
  [dependencies.argo-application-field-validation]
    name = "argo-application-field-validation"
    full_name = "argo-application-field-validation_0.1.2"
    version = "0.1.2"
    sum = "tQbdvXdLHznYhPl92Mb+vqZl8OZMfiiAz+Kuc8JCEwo="
    reg = "ghcr.io"
    repo = "kcl-lang/argo-application-field-validation"
    oci_tag = "0.1.2"
  [dependencies.argo-cd]
    name = "argo-cd"
    full_name = "argo-cd_0.2.1"
    version = "0.2.1"
    sum = "caafNIA9v5Y7S7nQDyw+imyYUbtjLgCKgh+fvk82i+g="
    reg = "ghcr.io"
    repo = "kcl-lang/argo-cd"
    oci_tag = "0.2.1"
  [dependencies.cert-manager]
    name = "cert-manager"
    full_name = "cert-manager_0.3.0"
    version = "0.3.0"
    sum = "yyuUXsyOsHOGUK3e9P6GzM5A0hcSpW1XBd5O6TLhyvE="
    reg = "ghcr.io"
    repo = "kcl-lang/cert-manager"
    oci_tag = "0.3.0"
  [dependencies.crossplane]
    name = "crossplane"
    full_name = "crossplane_1.17.3"
    version = "1.17.3"
    sum = "8hx/1t6Gn0UZjaycAJIJ2Xj1R7vefZq7mMpAim21COc="
    reg = "ghcr.io"
    repo = "kcl-lang/crossplane"
    oci_tag = "1.17.3"
  [dependencies.k8s]
    name = "k8s"
    full_name = "k8s_1.31.2"
    version = "1.31.2"
    sum = "xBZgPsnpVVyWBpahuPQHReeRx28eUHGFoaPeqbct+vs="
    reg = "ghcr.io"
    repo = "kcl-lang/k8s"
    oci_tag = "1.31.2"
  [dependencies.sealed-secrets]
    name = "sealed-secrets"
    full_name = "sealed-secrets_v0.27.2"
    version = "v0.27.2"
    sum = "JTjArGiZX2iL1iNq4IDKYQBX9WPB2t3sajQGDKy95jE="
    reg = "ghcr.io"
    repo = "kcl-lang/sealed-secrets"
    oci_tag = "v0.27.2"
