[dependencies]
  [dependencies.argo-application-field-validation]
    name = "argo-application-field-validation"
    full_name = "argo-application-field-validation_0.1.2"
    version = "0.1.2"
    sum = "tQbdvXdLHznYhPl92Mb+vqZl8OZMfiiAz+Kuc8JCEwo="
    reg = "ghcr.io"
    repo = "kcl-lang/argo-application-field-validation"
    oci_tag = "0.1.2"
  [dependencies.argo-cd]
    name = "argo-cd"
    full_name = "argo-cd_0.2.1"
    version = "0.2.1"
    sum = "caafNIA9v5Y7S7nQDyw+imyYUbtjLgCKgh+fvk82i+g="
    reg = "ghcr.io"
    repo = "kcl-lang/argo-cd"
    oci_tag = "0.2.1"
  [dependencies.cert-manager]
    name = "cert-manager"
    full_name = "cert-manager_0.3.0"
    version = "0.3.0"
    sum = "yyuUXsyOsHOGUK3e9P6GzM5A0hcSpW1XBd5O6TLhyvE="
    reg = "ghcr.io"
    repo = "kcl-lang/cert-manager"
    oci_tag = "0.3.0"
  [dependencies.crossplane]
    name = "crossplane"
    full_name = "crossplane_1.17.3"
    version = "1.17.3"
    sum = "8hx/1t6Gn0UZjaycAJIJ2Xj1R7vefZq7mMpAim21COc="
    reg = "ghcr.io"
    repo = "kcl-lang/crossplane"
    oci_tag = "1.17.3"
  [dependencies.crossplane-provider-gcp]
    name = "crossplane-provider-gcp"
    full_name = "crossplane-provider-gcp_0.22.2"
    version = "0.22.2"
    sum = "Sq3+w9IrCq8Z3ro2/TFtKRMkfkeHYS+64JZiwQkI95c="
    reg = "ghcr.io"
    repo = "kcl-lang/crossplane-provider-gcp"
    oci_tag = "0.22.2"
  [dependencies.crossplane-provider-upjet-gcp]
    name = "crossplane-provider-upjet-gcp"
    full_name = "crossplane-provider-upjet-gcp_1.0.5"
    version = "1.0.5"
    sum = "nJLB3un8NJ9rare3BtDmp4Xs1PnHG2DP1ykdOxwaeYA="
    reg = "ghcr.io"
    repo = "kcl-lang/crossplane-provider-upjet-gcp"
    oci_tag = "1.0.5"
  [dependencies.external-secrets]
    name = "external-secrets"
    full_name = "external-secrets_0.1.4"
    version = "0.1.4"
    sum = "kf365QG5BxwLZ1d7wVlfubYxgIvbmvSJGc+S9h4UuoQ="
    reg = "ghcr.io"
    repo = "kcl-lang/external-secrets"
    oci_tag = "0.1.4"
  [dependencies.fluxcd]
    name = "fluxcd"
    full_name = "fluxcd_0.1.2"
    version = "0.1.2"
    sum = "Qwy5IPb12uzg13FAzCg9I0bkuYS9jQWaDEg6vlECe3M="
    reg = "ghcr.io"
    repo = "kcl-lang/fluxcd"
    oci_tag = "0.1.2"
  [dependencies.fluxcd-helm-controller]
    name = "fluxcd-helm-controller"
    full_name = "fluxcd-helm-controller_v1.0.3"
    version = "v1.0.3"
    sum = "IfDYAw0NW8XsbUSygAfqkgrJ8LdI7x4NIq7e9TuTbKY="
    reg = "ghcr.io"
    repo = "kcl-lang/fluxcd-helm-controller"
    oci_tag = "v1.0.3"
  [dependencies.fluxcd-kustomize-controller]
    name = "fluxcd-kustomize-controller"
    full_name = "fluxcd-kustomize-controller_v1.3.2"
    version = "v1.3.2"
    sum = "MZgVf8xwTAubdHdcr3s9K87jNRE4xDv0Yc2s08obs/o="
    reg = "ghcr.io"
    repo = "kcl-lang/fluxcd-kustomize-controller"
    oci_tag = "v1.3.2"
  [dependencies.fluxcd-source-controller]
    name = "fluxcd-source-controller"
    full_name = "fluxcd-source-controller_v1.3.2"
    version = "v1.3.2"
    sum = "iZlc0kXOSajJNUmzvOlcIZgk60WGJbl4xKy4AVWYfkM="
    reg = "ghcr.io"
    repo = "kcl-lang/fluxcd-source-controller"
    oci_tag = "v1.3.2"
  [dependencies.k8s]
    name = "k8s"
    full_name = "k8s_1.31.2"
    version = "1.31.2"
    sum = "xBZgPsnpVVyWBpahuPQHReeRx28eUHGFoaPeqbct+vs="
    reg = "ghcr.io"
    repo = "kcl-lang/k8s"
    oci_tag = "1.31.2"
  [dependencies.sealed-secrets]
    name = "sealed-secrets"
    full_name = "sealed-secrets_v0.27.2"
    version = "v0.27.2"
    sum = "JTjArGiZX2iL1iNq4IDKYQBX9WPB2t3sajQGDKy95jE="
    reg = "ghcr.io"
    repo = "kcl-lang/sealed-secrets"
    oci_tag = "v0.27.2"
  [dependencies.traefik]
    name = "traefik"
    full_name = "traefik_0.2.1"
    version = "0.2.1"
    sum = "62P8gMAYmwW/ROYtUwjDa8sN67mfTLFixP/TDMnOfzQ="
    reg = "ghcr.io"
    repo = "kcl-lang/traefik"
    oci_tag = "0.2.1"
